// !$*UTF8*$!
{
	archiveVersion = 1;
	classes = {
	};
	objectVersion = 48;
	objects = {

/* Begin PBXBuildFile section */
		A99502B42058BD6300D05639 /* AppDelegate.swift in Sources */ = {isa = PBXBuildFile; fileRef = A99502B32058BD6300D05639 /* AppDelegate.swift */; };
		A99502B62058BD6300D05639 /* ViewController.swift in Sources */ = {isa = PBXBuildFile; fileRef = A99502B52058BD6300D05639 /* ViewController.swift */; };
		A99502B92058BD6300D05639 /* Main.storyboard in Resources */ = {isa = PBXBuildFile; fileRef = A99502B72058BD6300D05639 /* Main.storyboard */; };
		A99502BC2058BD6300D05639 /* EditCollectionViewCell.xcdatamodeld in Sources */ = {isa = PBXBuildFile; fileRef = A99502BA2058BD6300D05639 /* EditCollectionViewCell.xcdatamodeld */; };
		A99502BE2058BD6300D05639 /* Assets.xcassets in Resources */ = {isa = PBXBuildFile; fileRef = A99502BD2058BD6300D05639 /* Assets.xcassets */; };
		A99502C12058BD6300D05639 /* LaunchScreen.storyboard in Resources */ = {isa = PBXBuildFile; fileRef = A99502BF2058BD6300D05639 /* LaunchScreen.storyboard */; };
/* End PBXBuildFile section */

/* Begin PBXFileReference section */
		A99502B02058BD6300D05639 /* EditCollectionViewCell.app */ = {isa = PBXFileReference; explicitFileType = wrapper.application; includeInIndex = 0; path = EditCollectionViewCell.app; sourceTree = BUILT_PRODUCTS_DIR; };
		A99502B32058BD6300D05639 /* AppDelegate.swift */ = {isa = PBXFileReference; lastKnownFileType = sourcecode.swift; path = AppDelegate.swift; sourceTree = "<group>"; };
		A99502B52058BD6300D05639 /* ViewController.swift */ = {isa = PBXFileReference; lastKnownFileType = sourcecode.swift; path = ViewController.swift; sourceTree = "<group>"; };
		A99502B82058BD6300D05639 /* Base */ = {isa = PBXFileReference; lastKnownFileType = file.storyboard; name = Base; path = Base.lproj/Main.storyboard; sourceTree = "<group>"; };
		A99502BB2058BD6300D05639 /* EditCollectionViewCell.xcdatamodel */ = {isa = PBXFileReference; lastKnownFileType = wrapper.xcdatamodel; path = EditCollectionViewCell.xcdatamodel; sourceTree = "<group>"; };
		A99502BD2058BD6300D05639 /* Assets.xcassets */ = {isa = PBXFileReference; lastKnownFileType = folder.assetcatalog; path = Assets.xcassets; sourceTree = "<group>"; };
		A99502C02058BD6300D05639 /* Base */ = {isa = PBXFileReference; lastKnownFileType = file.storyboard; name = Base; path = Base.lproj/LaunchScreen.storyboard; sourceTree = "<group>"; };
		A99502C22058BD6300D05639 /* Info.plist */ = {isa = PBXFileReference; lastKnownFileType = text.plist.xml; path = Info.plist; sourceTree = "<group>"; };
/* End PBXFileReference section */

/* Begin PBXFrameworksBuildPhase section */
		A99502AD2058BD6300D05639 /* Frameworks */ = {
			isa = PBXFrameworksBuildPhase;
			buildActionMask = 2147483647;
			files = (
			);
			runOnlyForDeploymentPostprocessing = 0;
		};
/* End PBXFrameworksBuildPhase section */

/* Begin PBXGroup section */
		A99502A72058BD6300D05639 = {
			isa = PBXGroup;
			children = (
				A99502B22058BD6300D05639 /* EditCollectionViewCell */,
				A99502B12058BD6300D05639 /* Products */,
			);
			sourceTree = "<group>";
		};
		A99502B12058BD6300D05639 /* Products */ = {
			isa = PBXGroup;
			children = (
				A99502B02058BD6300D05639 /* EditCollectionViewCell.app */,
			);
			name = Products;
			sourceTree = "<group>";
		};
		A99502B22058BD6300D05639 /* EditCollectionViewCell */ = {
			isa = PBXGroup;
			children = (
				A99502B32058BD6300D05639 /* AppDelegate.swift */,
				A99502B52058BD6300D05639 /* ViewController.swift */,
				A99502B72058BD6300D05639 /* Main.storyboard */,
				A99502BD2058BD6300D05639 /* Assets.xcassets */,
				A99502BF2058BD6300D05639 /* LaunchScreen.storyboard */,
				A99502C22058BD6300D05639 /* Info.plist */,
				A99502BA2058BD6300D05639 /* EditCollectionViewCell.xcdatamodeld */,
			);
			path = EditCollectionViewCell;
			sourceTree = "<group>";
		};
/* End PBXGroup section */

/* Begin PBXNativeTarget section */
		A99502AF2058BD6300D05639 /* EditCollectionViewCell */ = {
			isa = PBXNativeTarget;
			buildConfigurationList = A99502C52058BD6300D05639 /* Build configuration list for PBXNativeTarget "EditCollectionViewCell" */;
			buildPhases = (
				A99502AC2058BD6300D05639 /* Sources */,
				A99502AD2058BD6300D05639 /* Frameworks */,
				A99502AE2058BD6300D05639 /* Resources */,
			);
			buildRules = (
			);
			dependencies = (
			);
			name = EditCollectionViewCell;
			productName = EditCollectionViewCell;
			productReference = A99502B02058BD6300D05639 /* EditCollectionViewCell.app */;
			productType = "com.apple.product-type.application";
		};
/* End PBXNativeTarget section */

/* Begin PBXProject section */
		A99502A82058BD6300D05639 /* Project object */ = {
			isa = PBXProject;
			attributes = {
				LastSwiftUpdateCheck = 0920;
				LastUpgradeCheck = 0920;
				ORGANIZATIONNAME = cn.jy;
				TargetAttributes = {
					A99502AF2058BD6300D05639 = {
						CreatedOnToolsVersion = 9.2;
						ProvisioningStyle = Automatic;
					};
				};
			};
			buildConfigurationList = A99502AB2058BD6300D05639 /* Build configuration list for PBXProject "EditCollectionViewCell" */;
			compatibilityVersion = "Xcode 8.0";
			developmentRegion = en;
			hasScannedForEncodings = 0;
			knownRegions = (
				en,
				Base,
			);
			mainGroup = A99502A72058BD6300D05639;
			productRefGroup = A99502B12058BD6300D05639 /* Products */;
			projectDirPath = "";
			projectRoot = "";
			targets = (
				A99502AF2058BD6300D05639 /* EditCollectionViewCell */,
			);
		};
/* End PBXProject section */

/* Begin PBXResourcesBuildPhase section */
		A99502AE2058BD6300D05639 /* Resources */ = {
			isa = PBXResourcesBuildPhase;
			buildActionMask = 2147483647;
			files = (
				A99502C12058BD6300D05639 /* LaunchScreen.storyboard in Resources */,
				A99502BE2058BD6300D05639 /* Assets.xcassets in Resources */,
				A99502B92058BD6300D05639 /* Main.storyboard in Resources */,
			);
			runOnlyForDeploymentPostprocessing = 0;
		};
/* End PBXResourcesBuildPhase section */

/* Begin PBXSourcesBuildPhase section */
		A99502AC2058BD6300D05639 /* Sources */ = {
			isa = PBXSourcesBuildPhase;
			buildActionMask = 2147483647;
			files = (
				A99502B62058BD6300D05639 /* ViewController.swift in Sources */,
				A99502B42058BD6300D05639 /* AppDelegate.swift in Sources */,
				A99502BC2058BD6300D05639 /* EditCollectionViewCell.xcdatamodeld in Sources */,
			);
			runOnlyForDeploymentPostprocessing = 0;
		};
/* End PBXSourcesBuildPhase section */

/* Begin PBXVariantGroup section */
		A99502B72058BD6300D05639 /* Main.storyboard */ = {
			isa = PBXVariantGroup;
			children = (
				A99502B82058BD6300D05639 /* Base */,
			);
			name = Main.storyboard;
			sourceTree = "<group>";
		};
		A99502BF2058BD6300D05639 /* LaunchScreen.storyboard */ = {
			isa = PBXVariantGroup;
			children = (
				A99502C02058BD6300D05639 /* Base */,
			);
			name = LaunchScreen.storyboard;
			sourceTree = "<group>";
		};
/* End PBXVariantGroup section */

/* Begin XCBuildConfiguration section */
		A99502C32058BD6300D05639 /* Debug */ = {
			isa = XCBuildConfiguration;
			buildSettings = {
				ALWAYS_SEARCH_USER_PATHS = NO;
				CLANG_ANALYZER_NONNULL = YES;
				CLANG_ANALYZER_NUMBER_OBJECT_CONVERSION = YES_AGGRESSIVE;
				CLANG_CXX_LANGUAGE_STANDARD = "gnu++14";
				CLANG_CXX_LIBRARY = "libc++";
				CLANG_ENABLE_MODULES = YES;
				CLANG_ENABLE_OBJC_ARC = YES;
				CLANG_WARN_BLOCK_CAPTURE_AUTORELEASING = YES;
				CLANG_WARN_BOOL_CONVERSION = YES;
				CLANG_WARN_COMMA = YES;
				CLANG_WARN_CONSTANT_CONVERSION = YES;
				CLANG_WARN_DIRECT_OBJC_ISA_USAGE = YES_ERROR;
				CLANG_WARN_DOCUMENTATION_COMMENTS = YES;
				CLANG_WARN_EMPTY_BODY = YES;
				CLANG_WARN_ENUM_CONVERSION = YES;
				CLANG_WARN_INFINITE_RECURSION = YES;
				CLANG_WARN_INT_CONVERSION = YES;
				CLANG_WARN_NON_LITERAL_NULL_CONVERSION = YES;
				CLANG_WARN_OBJC_LITERAL_CONVERSION = YES;
				CLANG_WARN_OBJC_ROOT_CLASS = YES_ERROR;
				CLANG_WARN_RANGE_LOOP_ANALYSIS = YES;
				CLANG_WARN_STRICT_PROTOTYPES = YES;
				CLANG_WARN_SUSPICIOUS_MOVE = YES;
				CLANG_WARN_UNGUARDED_AVAILABILITY = YES_AGGRESSIVE;
				CLANG_WARN_UNREACHABLE_CODE = YES;
				CLANG_WARN__DUPLICATE_METHOD_MATCH = YES;
				CODE_SIGN_IDENTITY = "iPhone Developer";
				COPY_PHASE_STRIP = NO;
				DEBUG_INFORMATION_FORMAT = dwarf;
				ENABLE_STRICT_OBJC_MSGSEND = YES;
				ENABLE_TESTABILITY = YES;
				GCC_C_LANGUAGE_STANDARD = gnu11;
				GCC_DYNAMIC_NO_PIC = NO;
				GCC_NO_COMMON_BLOCKS = YES;
				GCC_OPTIMIZATION_LEVEL = 0;
				GCC_PREPROCESSOR_DEFINITIONS = (
					"DEBUG=1",
					"$(inherited)",
				);
				GCC_WARN_64_TO_32_BIT_CONVERSION = YES;
				GCC_WARN_ABOUT_RETURN_TYPE = YES_ERROR;
				GCC_WARN_UNDECLARED_SELECTOR = YES;
				GCC_WARN_UNINITIALIZED_AUTOS = YES_AGGRESSIVE;
				GCC_WARN_UNUSED_FUNCTION = YES;
				GCC_WARN_UNUSED_VARIABLE = YES;
				IPHONEOS_DEPLOYMENT_TARGET = 11.2;
				MTL_ENABLE_DEBUG_INFO = YES;
				ONLY_ACTIVE_ARCH = YES;
				SDKROOT = iphoneos;
				SWIFT_ACTIVE_COMPILATION_CONDITIONS = DEBUG;
				SWIFT_OPTIMIZATION_LEVEL = "-Onone";
			};
			name = Debug;
		};
		A99502C42058BD6300D05639 /* Release */ = {
			isa = XCBuildConfiguration;
			buildSettings = {
				ALWAYS_SEARCH_USER_PATHS = NO;
				CLANG_ANALYZER_NONNULL = YES;
				CLANG_ANALYZER_NUMBER_OBJECT_CONVERSION = YES_AGGRESSIVE;
				CLANG_CXX_LANGUAGE_STANDARD = "gnu++14";
				CLANG_CXX_LIBRARY = "libc++";
				CLANG_ENABLE_MODULES = YES;
				CLANG_ENABLE_OBJC_ARC = YES;
				CLANG_WARN_BLOCK_CAPTURE_AUTORELEASING = YES;
				CLANG_WARN_BOOL_CONVERSION = YES;
				CLANG_WARN_COMMA = YES;
				CLANG_WARN_CONSTANT_CONVERSION = YES;
				CLANG_WARN_DIRECT_OBJC_ISA_USAGE = YES_ERROR;
				CLANG_WARN_DOCUMENTATION_COMMENTS = YES;
				CLANG_WARN_EMPTY_BODY = YES;
				CLANG_WARN_ENUM_CONVERSION = YES;
				CLANG_WARN_INFINITE_RECURSION = YES;
				CLANG_WARN_INT_CONVERSION = YES;
				CLANG_WARN_NON_LITERAL_NULL_CONVERSION = YES;
				CLANG_WARN_OBJC_LITERAL_CONVERSION = YES;
				CLANG_WARN_OBJC_ROOT_CLASS = YES_ERROR;
				CLANG_WARN_RANGE_LOOP_ANALYSIS = YES;
				CLANG_WARN_STRICT_PROTOTYPES = YES;
				CLANG_WARN_SUSPICIOUS_MOVE = YES;
				CLANG_WARN_UNGUARDED_AVAILABILITY = YES_AGGRESSIVE;
				CLANG_WARN_UNREACHABLE_CODE = YES;
				CLANG_WARN__DUPLICATE_METHOD_MATCH = YES;
				CODE_SIGN_IDENTITY = "iPhone Developer";
				COPY_PHASE_STRIP = NO;
				DEBUG_INFORMATION_FORMAT = "dwarf-with-dsym";
				ENABLE_NS_ASSERTIONS = NO;
				ENABLE_STRICT_OBJC_MSGSEND = YES;
				GCC_C_LANGUAGE_STANDARD = gnu11;
				GCC_NO_COMMON_BLOCKS = YES;
				GCC_WARN_64_TO_32_BIT_CONVERSION = YES;
				GCC_WARN_ABOUT_RETURN_TYPE = YES_ERROR;
				GCC_WARN_UNDECLARED_SELECTOR = YES;
				GCC_WARN_UNINITIALIZED_AUTOS = YES_AGGRESSIVE;
				GCC_WARN_UNUSED_FUNCTION = YES;
				GCC_WARN_UNUSED_VARIABLE = YES;
				IPHONEOS_DEPLOYMENT_TARGET = 11.2;
				MTL_ENABLE_DEBUG_INFO = NO;
				SDKROOT = iphoneos;
				SWIFT_OPTIMIZATION_LEVEL = "-Owholemodule";
				VALIDATE_PRODUCT = YES;
			};
			name = Release;
		};
		A99502C62058BD6300D05639 /* Debug */ = {
			isa = XCBuildConfiguration;
			buildSettings = {
				ASSETCATALOG_COMPILER_APPICON_NAME = AppIcon;
				CODE_SIGN_STYLE = Automatic;
				DEVELOPMENT_TEAM = J5WUR2LF7P;
				INFOPLIST_FILE = EditCollectionViewCell/Info.plist;
				LD_RUNPATH_SEARCH_PATHS = "$(inherited) @executable_path/Frameworks";
				PRODUCT_BUNDLE_IDENTIFIER = com.zhu.EditCollectionViewCell;
				PRODUCT_NAME = "$(TARGET_NAME)";
				SWIFT_VERSION = 4.0;
				TARGETED_DEVICE_FAMILY = "1,2";
			};
			name = Debug;
		};
		A99502C72058BD6300D05639 /* Release */ = {
			isa = XCBuildConfiguration;
			buildSettings = {
				ASSETCATALOG_COMPILER_APPICON_NAME = AppIcon;
				CODE_SIGN_STYLE = Automatic;
				DEVELOPMENT_TEAM = J5WUR2LF7P;
				INFOPLIST_FILE = EditCollectionViewCell/Info.plist;
				LD_RUNPATH_SEARCH_PATHS = "$(inherited) @executable_path/Frameworks";
				PRODUCT_BUNDLE_IDENTIFIER = com.zhu.EditCollectionViewCell;
				PRODUCT_NAME = "$(TARGET_NAME)";
				SWIFT_VERSION = 4.0;
				TARGETED_DEVICE_FAMILY = "1,2";
			};
			name = Release;
		};
/* End XCBuildConfiguration section */

/* Begin XCConfigurationList section */
		A99502AB2058BD6300D05639 /* Build configuration list for PBXProject "EditCollectionViewCell" */ = {
			isa = XCConfigurationList;
			buildConfigurations = (
				A99502C32058BD6300D05639 /* Debug */,
				A99502C42058BD6300D05639 /* Release */,
			);
			defaultConfigurationIsVisible = 0;
			defaultConfigurationName = Release;
		};
		A99502C52058BD6300D05639 /* Build configuration list for PBXNativeTarget "EditCollectionViewCell" */ = {
			isa = XCConfigurationList;
			buildConfigurations = (
				A99502C62058BD6300D05639 /* Debug */,
				A99502C72058BD6300D05639 /* Release */,
			);
			defaultConfigurationIsVisible = 0;
			defaultConfigurationName = Release;
		};
/* End XCConfigurationList section */

/* Begin XCVersionGroup section */
		A99502BA2058BD6300D05639 /* EditCollectionViewCell.xcdatamodeld */ = {
			isa = XCVersionGroup;
			children = (
				A99502BB2058BD6300D05639 /* EditCollectionViewCell.xcdatamodel */,
			);
			currentVersion = A99502BB2058BD6300D05639 /* EditCollectionViewCell.xcdatamodel */;
			path = EditCollectionViewCell.xcdatamodeld;
			sourceTree = "<group>";
			versionGroupType = wrapper.xcdatamodel;
		};
/* End XCVersionGroup section */
	};
	rootObject = A99502A82058BD6300D05639 /* Project object */;
}
